# THIS IS AN AUTOGENERATED FILE. DO NOT EDIT THIS FILE DIRECTLY.
# yarn lockfile v1


"@faker-js/faker@^6.1.2":
  version "6.1.2"
  resolved "https://registry.yarnpkg.com/@faker-js/faker/-/faker-6.1.2.tgz#7093ea65e6d78eae388918a46968c083366bd621"
  integrity sha512-QSvmexHCxeRUk1/yKmoEDaWB5Hohjvtim5g2JJwy8S/l0L4b3y/GxSpE6vN4SBoVGGahEQW21uqyRr7EofI35A==
